
Microsoft Visual Studio Solution File, Format Version 12.00
# Visual Studio Version 17
VisualStudioVersion = 17.0.31903.59
MinimumVisualStudioVersion = 10.0.40219.1
Project("{2150E333-8FDC-42A3-9474-1A3956D46DE8}") = "Bff.Admin", "Bff.Admin", "{14EC53DD-96E1-4535-AB5E-CAAE5F15BADF}"
EndProject
Project("{2150E333-8FDC-42A3-9474-1A3956D46DE8}") = "Common", "Common", "{15E29583-3B21-4F38-8B82-ECB54FB2E115}"
EndProject
Project("{2150E333-8FDC-42A3-9474-1A3956D46DE8}") = "Identity", "Identity", "{7EC48A61-DEC0-433F-98C1-D90306851A88}"
EndProject
Project("{2150E333-8FDC-42A3-9474-1A3956D46DE8}") = "Notification", "Notification", "{8ECAA313-BF8E-4D44-BB8A-96C87F8715A9}"
EndProject
Project("{2150E333-8FDC-42A3-9474-1A3956D46DE8}") = "Equipment", "Equipment", "{9FA9E370-22F1-4FB6-A038-C7276C5A9FBE}"
EndProject
Project("{2150E333-8FDC-42A3-9474-1A3956D46DE8}") = "Mining", "Mining", "{DC528603-209C-41B0-B85F-10852A912758}"
EndProject
Project("{2150E333-8FDC-42A3-9474-1A3956D46DE8}") = "Colocation", "Colocation", "{FADE7F8B-4659-4A24-9A0A-3EF67B1519E8}"
EndProject
Project("{2150E333-8FDC-42A3-9474-1A3956D46DE8}") = "Energy", "Energy", "{45B0C4D2-CAA0-492E-A084-E49CE62FE582}"
EndProject
Project("{2150E333-8FDC-42A3-9474-1A3956D46DE8}") = "Maintenance", "Maintenance", "{1AD6A4A7-581C-4A26-9F6A-6B686A1C1CA8}"
EndProject
Project("{FAE04EC0-301F-11D3-BF4B-00C04F79EFBC}") = "RRMonitoring.Bff.Admin.Api", "src\RRMonitoring.Bff.Admin.Api\RRMonitoring.Bff.Admin.Api.csproj", "{FDF2055A-7788-4120-ACC1-FB6A05BC31BA}"
EndProject
Project("{FAE04EC0-301F-11D3-BF4B-00C04F79EFBC}") = "RRMonitoring.Bff.Admin.Application", "src\RRMonitoring.Bff.Admin.Application\RRMonitoring.Bff.Admin.Application.csproj", "{992D88E2-02ED-496D-A10F-3E710B5E37D9}"
EndProject
Project("{FAE04EC0-301F-11D3-BF4B-00C04F79EFBC}") = "RRMonitoring.Common.OpenTelemetry", "src\RRMonitoring.Common.OpenTelemetry\RRMonitoring.Common.OpenTelemetry.csproj", "{1E42F056-131E-4BA7-A92F-AA23A752ED35}"
EndProject
Project("{FAE04EC0-301F-11D3-BF4B-00C04F79EFBC}") = "RRMonitoring.Identity.Api", "src\RRMonitoring.Identity.Api\RRMonitoring.Identity.Api.csproj", "{83FE152F-5941-4885-B80A-534AC070DD1E}"
EndProject
Project("{FAE04EC0-301F-11D3-BF4B-00C04F79EFBC}") = "RRMonitoring.Identity.ApiClients", "src\RRMonitoring.Identity.ApiClients\RRMonitoring.Identity.ApiClients.csproj", "{7DADF18C-D7F8-4F8D-BEA7-0E2710BD643D}"
EndProject
Project("{FAE04EC0-301F-11D3-BF4B-00C04F79EFBC}") = "RRMonitoring.Colocation.Api", "src\RRMonitoring.Colocation.Api\RRMonitoring.Colocation.Api.csproj", "{6EA6BEA4-9A18-4704-98FF-DA37D2BFC77B}"
EndProject
Project("{FAE04EC0-301F-11D3-BF4B-00C04F79EFBC}") = "RRMonitoring.Colocation.Application", "src\RRMonitoring.Colocation.Application\RRMonitoring.Colocation.Application.csproj", "{B4F98F1A-3B43-4D97-BE51-46EFA5EC5606}"
EndProject
Project("{FAE04EC0-301F-11D3-BF4B-00C04F79EFBC}") = "RRMonitoring.Colocation.Domain", "src\RRMonitoring.Colocation.Domain\RRMonitoring.Colocation.Domain.csproj", "{973F7E43-9D62-4BDD-84DE-18DC99E87254}"
EndProject
Project("{FAE04EC0-301F-11D3-BF4B-00C04F79EFBC}") = "RRMonitoring.Colocation.Infrastructure", "src\RRMonitoring.Colocation.Infrastructure\RRMonitoring.Colocation.Infrastructure.csproj", "{A62E1D34-416C-4FBC-974A-14A93DE86790}"
EndProject
Project("{FAE04EC0-301F-11D3-BF4B-00C04F79EFBC}") = "RRMonitoring.Energy.Api", "src\RRMonitoring.Energy.Api\RRMonitoring.Energy.Api.csproj", "{E2B18363-5294-4ADC-8197-ED81FF1B9373}"
EndProject
Project("{FAE04EC0-301F-11D3-BF4B-00C04F79EFBC}") = "RRMonitoring.Energy.Application", "src\RRMonitoring.Energy.Application\RRMonitoring.Energy.Application.csproj", "{94F3CA20-5879-4C68-848C-D4B59AF7E735}"
EndProject
Project("{FAE04EC0-301F-11D3-BF4B-00C04F79EFBC}") = "RRMonitoring.Energy.Domain", "src\RRMonitoring.Energy.Domain\RRMonitoring.Energy.Domain.csproj", "{03C4B95B-41D5-4B01-9D0D-9BA291674895}"
EndProject
Project("{FAE04EC0-301F-11D3-BF4B-00C04F79EFBC}") = "RRMonitoring.Energy.Infrastructure", "src\RRMonitoring.Energy.Infrastructure\RRMonitoring.Energy.Infrastructure.csproj", "{A548C89C-D99B-48FD-8903-FDBF5841639D}"
EndProject
Project("{FAE04EC0-301F-11D3-BF4B-00C04F79EFBC}") = "RRMonitoring.Equipment.Api", "src\RRMonitoring.Equipment.Api\RRMonitoring.Equipment.Api.csproj", "{0AA36A3A-A2D8-4D05-88E7-BC4D54CF1103}"
EndProject
Project("{FAE04EC0-301F-11D3-BF4B-00C04F79EFBC}") = "RRMonitoring.Equipment.Application", "src\RRMonitoring.Equipment.Application\RRMonitoring.Equipment.Application.csproj", "{793D68E3-2445-431F-8646-DFE575A149EF}"
EndProject
Project("{FAE04EC0-301F-11D3-BF4B-00C04F79EFBC}") = "RRMonitoring.Equipment.Domain", "src\RRMonitoring.Equipment.Domain\RRMonitoring.Equipment.Domain.csproj", "{9F3C1409-2D10-483A-ACC5-A26A90042E89}"
EndProject
Project("{FAE04EC0-301F-11D3-BF4B-00C04F79EFBC}") = "RRMonitoring.Equipment.Infrastructure", "src\RRMonitoring.Equipment.Infrastructure\RRMonitoring.Equipment.Infrastructure.csproj", "{CF7B064E-0D77-47F0-8646-7D71FE70A63B}"
EndProject
Project("{FAE04EC0-301F-11D3-BF4B-00C04F79EFBC}") = "RRMonitoring.Maintenance.Api", "src\RRMonitoring.Maintenance.Api\RRMonitoring.Maintenance.Api.csproj", "{EC91314E-5F54-42FF-87E3-5FFF607EBFED}"
EndProject
Project("{FAE04EC0-301F-11D3-BF4B-00C04F79EFBC}") = "RRMonitoring.Maintenance.Application", "src\RRMonitoring.Maintenance.Application\RRMonitoring.Maintenance.Application.csproj", "{D8CAA1DE-EDB2-431A-A6FD-CB48CFE97BB1}"
EndProject
Project("{FAE04EC0-301F-11D3-BF4B-00C04F79EFBC}") = "RRMonitoring.Maintenance.Domain", "src\RRMonitoring.Maintenance.Domain\RRMonitoring.Maintenance.Domain.csproj", "{3FA538AB-88D6-4CD0-900E-5D292319D3AC}"
EndProject
Project("{FAE04EC0-301F-11D3-BF4B-00C04F79EFBC}") = "RRMonitoring.Maintenance.Infrastructure", "src\RRMonitoring.Maintenance.Infrastructure\RRMonitoring.Maintenance.Infrastructure.csproj", "{57CE3603-0FFF-4FD7-98EF-A9006CF5DB40}"
EndProject
Project("{FAE04EC0-301F-11D3-BF4B-00C04F79EFBC}") = "RRMonitoring.Mining.Api", "src\RRMonitoring.Mining.Api\RRMonitoring.Mining.Api.csproj", "{27D4F8CC-2399-4EAC-8AF3-456E6DFE234C}"
EndProject
Project("{FAE04EC0-301F-11D3-BF4B-00C04F79EFBC}") = "RRMonitoring.Mining.Application", "src\RRMonitoring.Mining.Application\RRMonitoring.Mining.Application.csproj", "{38374E2C-2ED5-46E1-98A7-0DD35F19CCBA}"
EndProject
Project("{FAE04EC0-301F-11D3-BF4B-00C04F79EFBC}") = "RRMonitoring.Mining.Domain", "src\RRMonitoring.Mining.Domain\RRMonitoring.Mining.Domain.csproj", "{415CB2A1-5E43-4AC1-8008-684B3F309CF2}"
EndProject
Project("{FAE04EC0-301F-11D3-BF4B-00C04F79EFBC}") = "RRMonitoring.Mining.Infrastructure", "src\RRMonitoring.Mining.Infrastructure\RRMonitoring.Mining.Infrastructure.csproj", "{D4D7F20A-6494-42FC-B758-052505F6388D}"
EndProject
Project("{FAE04EC0-301F-11D3-BF4B-00C04F79EFBC}") = "RRMonitoring.Identity.Domain", "src\RRMonitoring.Identity.Domain\RRMonitoring.Identity.Domain.csproj", "{E604145F-D456-472D-9561-544EEF25A967}"
EndProject
Project("{FAE04EC0-301F-11D3-BF4B-00C04F79EFBC}") = "RRMonitoring.Identity.Application", "src\RRMonitoring.Identity.Application\RRMonitoring.Identity.Application.csproj", "{0FEBFE34-8B81-4325-87BF-179DA943A596}"
EndProject
Project("{FAE04EC0-301F-11D3-BF4B-00C04F79EFBC}") = "RRMonitoring.Identity.Infrastructure", "src\RRMonitoring.Identity.Infrastructure\RRMonitoring.Identity.Infrastructure.csproj", "{076B8CB9-FD16-488C-881E-1AFDD8A13529}"
EndProject
Project("{FAE04EC0-301F-11D3-BF4B-00C04F79EFBC}") = "RRMonitoring.Notification.Api", "src\RRMonitoring.Notification.Api\RRMonitoring.Notification.Api.csproj", "{83134AC3-B17E-4F60-912E-254DA4058DF8}"
EndProject
Project("{FAE04EC0-301F-11D3-BF4B-00C04F79EFBC}") = "RRMonitoring.Notification.ApiClients", "src\RRMonitoring.Notification.ApiClients\RRMonitoring.Notification.ApiClients.csproj", "{7D65E976-BA11-49B2-A48C-147F09FF492C}"
EndProject
Project("{FAE04EC0-301F-11D3-BF4B-00C04F79EFBC}") = "RRMonitoring.Notification.Application", "src\RRMonitoring.Notification.Application\RRMonitoring.Notification.Application.csproj", "{D6D86389-3743-401C-9411-D1A7D822C640}"
EndProject
Project("{FAE04EC0-301F-11D3-BF4B-00C04F79EFBC}") = "RRMonitoring.Notification.BusEvents", "src\RRMonitoring.Notification.BusEvents\RRMonitoring.Notification.BusEvents.csproj", "{0BC41FF0-B0F7-425A-B67C-59D7EB8F5E5F}"
EndProject
Project("{FAE04EC0-301F-11D3-BF4B-00C04F79EFBC}") = "RRMonitoring.Notification.Domain", "src\RRMonitoring.Notification.Domain\RRMonitoring.Notification.Domain.csproj", "{A16CDB49-5978-4F5E-80A4-FF494F8BBFBF}"
EndProject
Project("{FAE04EC0-301F-11D3-BF4B-00C04F79EFBC}") = "RRMonitoring.Notification.Infrastructure", "src\RRMonitoring.Notification.Infrastructure\RRMonitoring.Notification.Infrastructure.csproj", "{FA77B529-A0B4-4719-9759-873B68E90408}"
EndProject
Project("{FAE04EC0-301F-11D3-BF4B-00C04F79EFBC}") = "RRMonitoring.Identity.BusEvents", "src\RRMonitoring.Identity.BusEvents\RRMonitoring.Identity.BusEvents.csproj", "{B5AB8E1F-CD1D-4F16-8BFE-CBB9EB50CC3B}"
EndProject
Project("{FAE04EC0-301F-11D3-BF4B-00C04F79EFBC}") = "RRMonitoring.Mining.PublicModels", "src\RRMonitoring.Mining.PublicModels\RRMonitoring.Mining.PublicModels.csproj", "{0BEB55B1-0F98-4DA4-AD11-1B8A5605A223}"
EndProject
Project("{FAE04EC0-301F-11D3-BF4B-00C04F79EFBC}") = "RRMonitoring.Mining.ApiClients", "src\RRMonitoring.Mining.ApiClients\RRMonitoring.Mining.ApiClients.csproj", "{C6002CD3-BC59-4155-AA8B-13E2D39F2EB9}"
EndProject
Project("{FAE04EC0-301F-11D3-BF4B-00C04F79EFBC}") = "RRMonitoring.Equipment.PublicModels", "src\RRMonitoring.Equipment.PublicModels\RRMonitoring.Equipment.PublicModels.csproj", "{6061E851-F809-49B3-AA34-A39B77BEC8B1}"
EndProject
Project("{FAE04EC0-301F-11D3-BF4B-00C04F79EFBC}") = "RRMonitoring.Equipment.ApiClients", "src\RRMonitoring.Equipment.ApiClients\RRMonitoring.Equipment.ApiClients.csproj", "{60016F1C-0BB8-4F3B-A3BF-F81C43669BDC}"
EndProject
Project("{FAE04EC0-301F-11D3-BF4B-00C04F79EFBC}") = "RRMonitoring.Colocation.PublicModels", "src\RRMonitoring.Colocation.PublicModels\RRMonitoring.Colocation.PublicModels.csproj", "{5BB87987-56FF-40D4-8AA4-F1D472A6296B}"
EndProject
Project("{FAE04EC0-301F-11D3-BF4B-00C04F79EFBC}") = "RRMonitoring.Colocation.ApiClients", "src\RRMonitoring.Colocation.ApiClients\RRMonitoring.Colocation.ApiClients.csproj", "{DD12A5BE-2769-41FA-BA49-D76FD4A83115}"
EndProject
Project("{FAE04EC0-301F-11D3-BF4B-00C04F79EFBC}") = "RRMonitoring.Equipment.Agent", "src\RRMonitoring.Equipment.Agent\RRMonitoring.Equipment.Agent.csproj", "{B424D191-E7DF-4280-BC6F-6856AE9CF957}"
EndProject
Project("{2150E333-8FDC-42A3-9474-1A3956D46DE8}") = "Solution Items", "Solution Items", "{6B28BAB8-4255-42C2-A6AF-9B678CD516A2}"
	ProjectSection(SolutionItems) = preProject
		compose.yaml = compose.yaml
	EndProjectSection
EndProject
Project("{FAE04EC0-301F-11D3-BF4B-00C04F79EFBC}") = "RRMonitoring.Equipment.Agent.BusEvents", "src\RRMonitoring.Equipment.Agent.BusEvents\RRMonitoring.Equipment.Agent.BusEvents.csproj", "{8C2D75ED-6F81-41D9-8368-24906B623CAD}"
EndProject
Project("{2150E333-8FDC-42A3-9474-1A3956D46DE8}") = "Equipment.Agent", "Equipment.Agent", "{9BB8A29F-75FA-4F12-8225-B33D88929418}"
EndProject
Global
	GlobalSection(SolutionConfigurationPlatforms) = preSolution
		Debug|Any CPU = Debug|Any CPU
		Release|Any CPU = Release|Any CPU
	EndGlobalSection
	GlobalSection(ProjectConfigurationPlatforms) = postSolution
		{FDF2055A-7788-4120-ACC1-FB6A05BC31BA}.Debug|Any CPU.ActiveCfg = Debug|Any CPU
		{FDF2055A-7788-4120-ACC1-FB6A05BC31BA}.Debug|Any CPU.Build.0 = Debug|Any CPU
		{FDF2055A-7788-4120-ACC1-FB6A05BC31BA}.Release|Any CPU.ActiveCfg = Release|Any CPU
		{FDF2055A-7788-4120-ACC1-FB6A05BC31BA}.Release|Any CPU.Build.0 = Release|Any CPU
		{992D88E2-02ED-496D-A10F-3E710B5E37D9}.Debug|Any CPU.ActiveCfg = Debug|Any CPU
		{992D88E2-02ED-496D-A10F-3E710B5E37D9}.Debug|Any CPU.Build.0 = Debug|Any CPU
		{992D88E2-02ED-496D-A10F-3E710B5E37D9}.Release|Any CPU.ActiveCfg = Release|Any CPU
		{992D88E2-02ED-496D-A10F-3E710B5E37D9}.Release|Any CPU.Build.0 = Release|Any CPU
		{1E42F056-131E-4BA7-A92F-AA23A752ED35}.Debug|Any CPU.ActiveCfg = Debug|Any CPU
		{1E42F056-131E-4BA7-A92F-AA23A752ED35}.Debug|Any CPU.Build.0 = Debug|Any CPU
		{1E42F056-131E-4BA7-A92F-AA23A752ED35}.Release|Any CPU.ActiveCfg = Release|Any CPU
		{1E42F056-131E-4BA7-A92F-AA23A752ED35}.Release|Any CPU.Build.0 = Release|Any CPU
		{83FE152F-5941-4885-B80A-534AC070DD1E}.Debug|Any CPU.ActiveCfg = Debug|Any CPU
		{83FE152F-5941-4885-B80A-534AC070DD1E}.Debug|Any CPU.Build.0 = Debug|Any CPU
		{83FE152F-5941-4885-B80A-534AC070DD1E}.Release|Any CPU.ActiveCfg = Release|Any CPU
		{83FE152F-5941-4885-B80A-534AC070DD1E}.Release|Any CPU.Build.0 = Release|Any CPU
		{7DADF18C-D7F8-4F8D-BEA7-0E2710BD643D}.Debug|Any CPU.ActiveCfg = Debug|Any CPU
		{7DADF18C-D7F8-4F8D-BEA7-0E2710BD643D}.Debug|Any CPU.Build.0 = Debug|Any CPU
		{7DADF18C-D7F8-4F8D-BEA7-0E2710BD643D}.Release|Any CPU.ActiveCfg = Release|Any CPU
		{7DADF18C-D7F8-4F8D-BEA7-0E2710BD643D}.Release|Any CPU.Build.0 = Release|Any CPU
		{6EA6BEA4-9A18-4704-98FF-DA37D2BFC77B}.Debug|Any CPU.ActiveCfg = Debug|Any CPU
		{6EA6BEA4-9A18-4704-98FF-DA37D2BFC77B}.Debug|Any CPU.Build.0 = Debug|Any CPU
		{6EA6BEA4-9A18-4704-98FF-DA37D2BFC77B}.Release|Any CPU.ActiveCfg = Release|Any CPU
		{6EA6BEA4-9A18-4704-98FF-DA37D2BFC77B}.Release|Any CPU.Build.0 = Release|Any CPU
		{B4F98F1A-3B43-4D97-BE51-46EFA5EC5606}.Debug|Any CPU.ActiveCfg = Debug|Any CPU
		{B4F98F1A-3B43-4D97-BE51-46EFA5EC5606}.Debug|Any CPU.Build.0 = Debug|Any CPU
		{B4F98F1A-3B43-4D97-BE51-46EFA5EC5606}.Release|Any CPU.ActiveCfg = Release|Any CPU
		{B4F98F1A-3B43-4D97-BE51-46EFA5EC5606}.Release|Any CPU.Build.0 = Release|Any CPU
		{973F7E43-9D62-4BDD-84DE-18DC99E87254}.Debug|Any CPU.ActiveCfg = Debug|Any CPU
		{973F7E43-9D62-4BDD-84DE-18DC99E87254}.Debug|Any CPU.Build.0 = Debug|Any CPU
		{973F7E43-9D62-4BDD-84DE-18DC99E87254}.Release|Any CPU.ActiveCfg = Release|Any CPU
		{973F7E43-9D62-4BDD-84DE-18DC99E87254}.Release|Any CPU.Build.0 = Release|Any CPU
		{A62E1D34-416C-4FBC-974A-14A93DE86790}.Debug|Any CPU.ActiveCfg = Debug|Any CPU
		{A62E1D34-416C-4FBC-974A-14A93DE86790}.Debug|Any CPU.Build.0 = Debug|Any CPU
		{A62E1D34-416C-4FBC-974A-14A93DE86790}.Release|Any CPU.ActiveCfg = Release|Any CPU
		{A62E1D34-416C-4FBC-974A-14A93DE86790}.Release|Any CPU.Build.0 = Release|Any CPU
		{E2B18363-5294-4ADC-8197-ED81FF1B9373}.Debug|Any CPU.ActiveCfg = Debug|Any CPU
		{E2B18363-5294-4ADC-8197-ED81FF1B9373}.Debug|Any CPU.Build.0 = Debug|Any CPU
		{E2B18363-5294-4ADC-8197-ED81FF1B9373}.Release|Any CPU.ActiveCfg = Release|Any CPU
		{E2B18363-5294-4ADC-8197-ED81FF1B9373}.Release|Any CPU.Build.0 = Release|Any CPU
		{94F3CA20-5879-4C68-848C-D4B59AF7E735}.Debug|Any CPU.ActiveCfg = Debug|Any CPU
		{94F3CA20-5879-4C68-848C-D4B59AF7E735}.Debug|Any CPU.Build.0 = Debug|Any CPU
		{94F3CA20-5879-4C68-848C-D4B59AF7E735}.Release|Any CPU.ActiveCfg = Release|Any CPU
		{94F3CA20-5879-4C68-848C-D4B59AF7E735}.Release|Any CPU.Build.0 = Release|Any CPU
		{03C4B95B-41D5-4B01-9D0D-9BA291674895}.Debug|Any CPU.ActiveCfg = Debug|Any CPU
		{03C4B95B-41D5-4B01-9D0D-9BA291674895}.Debug|Any CPU.Build.0 = Debug|Any CPU
		{03C4B95B-41D5-4B01-9D0D-9BA291674895}.Release|Any CPU.ActiveCfg = Release|Any CPU
		{03C4B95B-41D5-4B01-9D0D-9BA291674895}.Release|Any CPU.Build.0 = Release|Any CPU
		{A548C89C-D99B-48FD-8903-FDBF5841639D}.Debug|Any CPU.ActiveCfg = Debug|Any CPU
		{A548C89C-D99B-48FD-8903-FDBF5841639D}.Debug|Any CPU.Build.0 = Debug|Any CPU
		{A548C89C-D99B-48FD-8903-FDBF5841639D}.Release|Any CPU.ActiveCfg = Release|Any CPU
		{A548C89C-D99B-48FD-8903-FDBF5841639D}.Release|Any CPU.Build.0 = Release|Any CPU
		{0AA36A3A-A2D8-4D05-88E7-BC4D54CF1103}.Debug|Any CPU.ActiveCfg = Debug|Any CPU
		{0AA36A3A-A2D8-4D05-88E7-BC4D54CF1103}.Debug|Any CPU.Build.0 = Debug|Any CPU
		{0AA36A3A-A2D8-4D05-88E7-BC4D54CF1103}.Release|Any CPU.ActiveCfg = Release|Any CPU
		{0AA36A3A-A2D8-4D05-88E7-BC4D54CF1103}.Release|Any CPU.Build.0 = Release|Any CPU
		{793D68E3-2445-431F-8646-DFE575A149EF}.Debug|Any CPU.ActiveCfg = Debug|Any CPU
		{793D68E3-2445-431F-8646-DFE575A149EF}.Debug|Any CPU.Build.0 = Debug|Any CPU
		{793D68E3-2445-431F-8646-DFE575A149EF}.Release|Any CPU.ActiveCfg = Release|Any CPU
		{793D68E3-2445-431F-8646-DFE575A149EF}.Release|Any CPU.Build.0 = Release|Any CPU
		{9F3C1409-2D10-483A-ACC5-A26A90042E89}.Debug|Any CPU.ActiveCfg = Debug|Any CPU
		{9F3C1409-2D10-483A-ACC5-A26A90042E89}.Debug|Any CPU.Build.0 = Debug|Any CPU
		{9F3C1409-2D10-483A-ACC5-A26A90042E89}.Release|Any CPU.ActiveCfg = Release|Any CPU
		{9F3C1409-2D10-483A-ACC5-A26A90042E89}.Release|Any CPU.Build.0 = Release|Any CPU
		{CF7B064E-0D77-47F0-8646-7D71FE70A63B}.Debug|Any CPU.ActiveCfg = Debug|Any CPU
		{CF7B064E-0D77-47F0-8646-7D71FE70A63B}.Debug|Any CPU.Build.0 = Debug|Any CPU
		{CF7B064E-0D77-47F0-8646-7D71FE70A63B}.Release|Any CPU.ActiveCfg = Release|Any CPU
		{CF7B064E-0D77-47F0-8646-7D71FE70A63B}.Release|Any CPU.Build.0 = Release|Any CPU
		{EC91314E-5F54-42FF-87E3-5FFF607EBFED}.Debug|Any CPU.ActiveCfg = Debug|Any CPU
		{EC91314E-5F54-42FF-87E3-5FFF607EBFED}.Debug|Any CPU.Build.0 = Debug|Any CPU
		{EC91314E-5F54-42FF-87E3-5FFF607EBFED}.Release|Any CPU.ActiveCfg = Release|Any CPU
		{EC91314E-5F54-42FF-87E3-5FFF607EBFED}.Release|Any CPU.Build.0 = Release|Any CPU
		{D8CAA1DE-EDB2-431A-A6FD-CB48CFE97BB1}.Debug|Any CPU.ActiveCfg = Debug|Any CPU
		{D8CAA1DE-EDB2-431A-A6FD-CB48CFE97BB1}.Debug|Any CPU.Build.0 = Debug|Any CPU
		{D8CAA1DE-EDB2-431A-A6FD-CB48CFE97BB1}.Release|Any CPU.ActiveCfg = Release|Any CPU
		{D8CAA1DE-EDB2-431A-A6FD-CB48CFE97BB1}.Release|Any CPU.Build.0 = Release|Any CPU
		{3FA538AB-88D6-4CD0-900E-5D292319D3AC}.Debug|Any CPU.ActiveCfg = Debug|Any CPU
		{3FA538AB-88D6-4CD0-900E-5D292319D3AC}.Debug|Any CPU.Build.0 = Debug|Any CPU
		{3FA538AB-88D6-4CD0-900E-5D292319D3AC}.Release|Any CPU.ActiveCfg = Release|Any CPU
		{3FA538AB-88D6-4CD0-900E-5D292319D3AC}.Release|Any CPU.Build.0 = Release|Any CPU
		{57CE3603-0FFF-4FD7-98EF-A9006CF5DB40}.Debug|Any CPU.ActiveCfg = Debug|Any CPU
		{57CE3603-0FFF-4FD7-98EF-A9006CF5DB40}.Debug|Any CPU.Build.0 = Debug|Any CPU
		{57CE3603-0FFF-4FD7-98EF-A9006CF5DB40}.Release|Any CPU.ActiveCfg = Release|Any CPU
		{57CE3603-0FFF-4FD7-98EF-A9006CF5DB40}.Release|Any CPU.Build.0 = Release|Any CPU
		{27D4F8CC-2399-4EAC-8AF3-456E6DFE234C}.Debug|Any CPU.ActiveCfg = Debug|Any CPU
		{27D4F8CC-2399-4EAC-8AF3-456E6DFE234C}.Debug|Any CPU.Build.0 = Debug|Any CPU
		{27D4F8CC-2399-4EAC-8AF3-456E6DFE234C}.Release|Any CPU.ActiveCfg = Release|Any CPU
		{27D4F8CC-2399-4EAC-8AF3-456E6DFE234C}.Release|Any CPU.Build.0 = Release|Any CPU
		{38374E2C-2ED5-46E1-98A7-0DD35F19CCBA}.Debug|Any CPU.ActiveCfg = Debug|Any CPU
		{38374E2C-2ED5-46E1-98A7-0DD35F19CCBA}.Debug|Any CPU.Build.0 = Debug|Any CPU
		{38374E2C-2ED5-46E1-98A7-0DD35F19CCBA}.Release|Any CPU.ActiveCfg = Release|Any CPU
		{38374E2C-2ED5-46E1-98A7-0DD35F19CCBA}.Release|Any CPU.Build.0 = Release|Any CPU
		{415CB2A1-5E43-4AC1-8008-684B3F309CF2}.Debug|Any CPU.ActiveCfg = Debug|Any CPU
		{415CB2A1-5E43-4AC1-8008-684B3F309CF2}.Debug|Any CPU.Build.0 = Debug|Any CPU
		{415CB2A1-5E43-4AC1-8008-684B3F309CF2}.Release|Any CPU.ActiveCfg = Release|Any CPU
		{415CB2A1-5E43-4AC1-8008-684B3F309CF2}.Release|Any CPU.Build.0 = Release|Any CPU
		{D4D7F20A-6494-42FC-B758-052505F6388D}.Debug|Any CPU.ActiveCfg = Debug|Any CPU
		{D4D7F20A-6494-42FC-B758-052505F6388D}.Debug|Any CPU.Build.0 = Debug|Any CPU
		{D4D7F20A-6494-42FC-B758-052505F6388D}.Release|Any CPU.ActiveCfg = Release|Any CPU
		{D4D7F20A-6494-42FC-B758-052505F6388D}.Release|Any CPU.Build.0 = Release|Any CPU
		{E604145F-D456-472D-9561-544EEF25A967}.Debug|Any CPU.ActiveCfg = Debug|Any CPU
		{E604145F-D456-472D-9561-544EEF25A967}.Debug|Any CPU.Build.0 = Debug|Any CPU
		{E604145F-D456-472D-9561-544EEF25A967}.Release|Any CPU.ActiveCfg = Release|Any CPU
		{E604145F-D456-472D-9561-544EEF25A967}.Release|Any CPU.Build.0 = Release|Any CPU
		{0FEBFE34-8B81-4325-87BF-179DA943A596}.Debug|Any CPU.ActiveCfg = Debug|Any CPU
		{0FEBFE34-8B81-4325-87BF-179DA943A596}.Debug|Any CPU.Build.0 = Debug|Any CPU
		{0FEBFE34-8B81-4325-87BF-179DA943A596}.Release|Any CPU.ActiveCfg = Release|Any CPU
		{0FEBFE34-8B81-4325-87BF-179DA943A596}.Release|Any CPU.Build.0 = Release|Any CPU
		{076B8CB9-FD16-488C-881E-1AFDD8A13529}.Debug|Any CPU.ActiveCfg = Debug|Any CPU
		{076B8CB9-FD16-488C-881E-1AFDD8A13529}.Debug|Any CPU.Build.0 = Debug|Any CPU
		{076B8CB9-FD16-488C-881E-1AFDD8A13529}.Release|Any CPU.ActiveCfg = Release|Any CPU
		{076B8CB9-FD16-488C-881E-1AFDD8A13529}.Release|Any CPU.Build.0 = Release|Any CPU
		{83134AC3-B17E-4F60-912E-254DA4058DF8}.Debug|Any CPU.ActiveCfg = Debug|Any CPU
		{83134AC3-B17E-4F60-912E-254DA4058DF8}.Debug|Any CPU.Build.0 = Debug|Any CPU
		{83134AC3-B17E-4F60-912E-254DA4058DF8}.Release|Any CPU.ActiveCfg = Release|Any CPU
		{83134AC3-B17E-4F60-912E-254DA4058DF8}.Release|Any CPU.Build.0 = Release|Any CPU
		{7D65E976-BA11-49B2-A48C-147F09FF492C}.Debug|Any CPU.ActiveCfg = Debug|Any CPU
		{7D65E976-BA11-49B2-A48C-147F09FF492C}.Debug|Any CPU.Build.0 = Debug|Any CPU
		{7D65E976-BA11-49B2-A48C-147F09FF492C}.Release|Any CPU.ActiveCfg = Release|Any CPU
		{7D65E976-BA11-49B2-A48C-147F09FF492C}.Release|Any CPU.Build.0 = Release|Any CPU
		{D6D86389-3743-401C-9411-D1A7D822C640}.Debug|Any CPU.ActiveCfg = Debug|Any CPU
		{D6D86389-3743-401C-9411-D1A7D822C640}.Debug|Any CPU.Build.0 = Debug|Any CPU
		{D6D86389-3743-401C-9411-D1A7D822C640}.Release|Any CPU.ActiveCfg = Release|Any CPU
		{D6D86389-3743-401C-9411-D1A7D822C640}.Release|Any CPU.Build.0 = Release|Any CPU
		{0BC41FF0-B0F7-425A-B67C-59D7EB8F5E5F}.Debug|Any CPU.ActiveCfg = Debug|Any CPU
		{0BC41FF0-B0F7-425A-B67C-59D7EB8F5E5F}.Debug|Any CPU.Build.0 = Debug|Any CPU
		{0BC41FF0-B0F7-425A-B67C-59D7EB8F5E5F}.Release|Any CPU.ActiveCfg = Release|Any CPU
		{0BC41FF0-B0F7-425A-B67C-59D7EB8F5E5F}.Release|Any CPU.Build.0 = Release|Any CPU
		{A16CDB49-5978-4F5E-80A4-FF494F8BBFBF}.Debug|Any CPU.ActiveCfg = Debug|Any CPU
		{A16CDB49-5978-4F5E-80A4-FF494F8BBFBF}.Debug|Any CPU.Build.0 = Debug|Any CPU
		{A16CDB49-5978-4F5E-80A4-FF494F8BBFBF}.Release|Any CPU.ActiveCfg = Release|Any CPU
		{A16CDB49-5978-4F5E-80A4-FF494F8BBFBF}.Release|Any CPU.Build.0 = Release|Any CPU
		{FA77B529-A0B4-4719-9759-873B68E90408}.Debug|Any CPU.ActiveCfg = Debug|Any CPU
		{FA77B529-A0B4-4719-9759-873B68E90408}.Debug|Any CPU.Build.0 = Debug|Any CPU
		{FA77B529-A0B4-4719-9759-873B68E90408}.Release|Any CPU.ActiveCfg = Release|Any CPU
		{FA77B529-A0B4-4719-9759-873B68E90408}.Release|Any CPU.Build.0 = Release|Any CPU
		{B5AB8E1F-CD1D-4F16-8BFE-CBB9EB50CC3B}.Debug|Any CPU.ActiveCfg = Debug|Any CPU
		{B5AB8E1F-CD1D-4F16-8BFE-CBB9EB50CC3B}.Debug|Any CPU.Build.0 = Debug|Any CPU
		{B5AB8E1F-CD1D-4F16-8BFE-CBB9EB50CC3B}.Release|Any CPU.ActiveCfg = Release|Any CPU
		{B5AB8E1F-CD1D-4F16-8BFE-CBB9EB50CC3B}.Release|Any CPU.Build.0 = Release|Any CPU
		{0BEB55B1-0F98-4DA4-AD11-1B8A5605A223}.Debug|Any CPU.ActiveCfg = Debug|Any CPU
		{0BEB55B1-0F98-4DA4-AD11-1B8A5605A223}.Debug|Any CPU.Build.0 = Debug|Any CPU
		{0BEB55B1-0F98-4DA4-AD11-1B8A5605A223}.Release|Any CPU.ActiveCfg = Release|Any CPU
		{0BEB55B1-0F98-4DA4-AD11-1B8A5605A223}.Release|Any CPU.Build.0 = Release|Any CPU
		{C6002CD3-BC59-4155-AA8B-13E2D39F2EB9}.Debug|Any CPU.ActiveCfg = Debug|Any CPU
		{C6002CD3-BC59-4155-AA8B-13E2D39F2EB9}.Debug|Any CPU.Build.0 = Debug|Any CPU
		{C6002CD3-BC59-4155-AA8B-13E2D39F2EB9}.Release|Any CPU.ActiveCfg = Release|Any CPU
		{C6002CD3-BC59-4155-AA8B-13E2D39F2EB9}.Release|Any CPU.Build.0 = Release|Any CPU
		{6061E851-F809-49B3-AA34-A39B77BEC8B1}.Debug|Any CPU.ActiveCfg = Debug|Any CPU
		{6061E851-F809-49B3-AA34-A39B77BEC8B1}.Debug|Any CPU.Build.0 = Debug|Any CPU
		{6061E851-F809-49B3-AA34-A39B77BEC8B1}.Release|Any CPU.ActiveCfg = Release|Any CPU
		{6061E851-F809-49B3-AA34-A39B77BEC8B1}.Release|Any CPU.Build.0 = Release|Any CPU
		{60016F1C-0BB8-4F3B-A3BF-F81C43669BDC}.Debug|Any CPU.ActiveCfg = Debug|Any CPU
		{60016F1C-0BB8-4F3B-A3BF-F81C43669BDC}.Debug|Any CPU.Build.0 = Debug|Any CPU
		{60016F1C-0BB8-4F3B-A3BF-F81C43669BDC}.Release|Any CPU.ActiveCfg = Release|Any CPU
		{60016F1C-0BB8-4F3B-A3BF-F81C43669BDC}.Release|Any CPU.Build.0 = Release|Any CPU
		{5BB87987-56FF-40D4-8AA4-F1D472A6296B}.Debug|Any CPU.ActiveCfg = Debug|Any CPU
		{5BB87987-56FF-40D4-8AA4-F1D472A6296B}.Debug|Any CPU.Build.0 = Debug|Any CPU
		{5BB87987-56FF-40D4-8AA4-F1D472A6296B}.Release|Any CPU.ActiveCfg = Release|Any CPU
		{5BB87987-56FF-40D4-8AA4-F1D472A6296B}.Release|Any CPU.Build.0 = Release|Any CPU
		{DD12A5BE-2769-41FA-BA49-D76FD4A83115}.Debug|Any CPU.ActiveCfg = Debug|Any CPU
		{DD12A5BE-2769-41FA-BA49-D76FD4A83115}.Debug|Any CPU.Build.0 = Debug|Any CPU
		{DD12A5BE-2769-41FA-BA49-D76FD4A83115}.Release|Any CPU.ActiveCfg = Release|Any CPU
		{DD12A5BE-2769-41FA-BA49-D76FD4A83115}.Release|Any CPU.Build.0 = Release|Any CPU
		{B424D191-E7DF-4280-BC6F-6856AE9CF957}.Debug|Any CPU.ActiveCfg = Debug|Any CPU
		{B424D191-E7DF-4280-BC6F-6856AE9CF957}.Debug|Any CPU.Build.0 = Debug|Any CPU
		{B424D191-E7DF-4280-BC6F-6856AE9CF957}.Release|Any CPU.ActiveCfg = Release|Any CPU
		{B424D191-E7DF-4280-BC6F-6856AE9CF957}.Release|Any CPU.Build.0 = Release|Any CPU
		{8C2D75ED-6F81-41D9-8368-24906B623CAD}.Debug|Any CPU.ActiveCfg = Debug|Any CPU
		{8C2D75ED-6F81-41D9-8368-24906B623CAD}.Debug|Any CPU.Build.0 = Debug|Any CPU
		{8C2D75ED-6F81-41D9-8368-24906B623CAD}.Release|Any CPU.ActiveCfg = Release|Any CPU
		{8C2D75ED-6F81-41D9-8368-24906B623CAD}.Release|Any CPU.Build.0 = Release|Any CPU
	EndGlobalSection
	GlobalSection(SolutionProperties) = preSolution
		HideSolutionNode = FALSE
	EndGlobalSection
	GlobalSection(NestedProjects) = preSolution
		{FDF2055A-7788-4120-ACC1-FB6A05BC31BA} = {14EC53DD-96E1-4535-AB5E-CAAE5F15BADF}
		{992D88E2-02ED-496D-A10F-3E710B5E37D9} = {14EC53DD-96E1-4535-AB5E-CAAE5F15BADF}
		{1E42F056-131E-4BA7-A92F-AA23A752ED35} = {15E29583-3B21-4F38-8B82-ECB54FB2E115}
		{83FE152F-5941-4885-B80A-534AC070DD1E} = {7EC48A61-DEC0-433F-98C1-D90306851A88}
		{7DADF18C-D7F8-4F8D-BEA7-0E2710BD643D} = {7EC48A61-DEC0-433F-98C1-D90306851A88}
		{6EA6BEA4-9A18-4704-98FF-DA37D2BFC77B} = {FADE7F8B-4659-4A24-9A0A-3EF67B1519E8}
		{B4F98F1A-3B43-4D97-BE51-46EFA5EC5606} = {FADE7F8B-4659-4A24-9A0A-3EF67B1519E8}
		{973F7E43-9D62-4BDD-84DE-18DC99E87254} = {FADE7F8B-4659-4A24-9A0A-3EF67B1519E8}
		{A62E1D34-416C-4FBC-974A-14A93DE86790} = {FADE7F8B-4659-4A24-9A0A-3EF67B1519E8}
		{E2B18363-5294-4ADC-8197-ED81FF1B9373} = {45B0C4D2-CAA0-492E-A084-E49CE62FE582}
		{94F3CA20-5879-4C68-848C-D4B59AF7E735} = {45B0C4D2-CAA0-492E-A084-E49CE62FE582}
		{03C4B95B-41D5-4B01-9D0D-9BA291674895} = {45B0C4D2-CAA0-492E-A084-E49CE62FE582}
		{A548C89C-D99B-48FD-8903-FDBF5841639D} = {45B0C4D2-CAA0-492E-A084-E49CE62FE582}
		{0AA36A3A-A2D8-4D05-88E7-BC4D54CF1103} = {9FA9E370-22F1-4FB6-A038-C7276C5A9FBE}
		{793D68E3-2445-431F-8646-DFE575A149EF} = {9FA9E370-22F1-4FB6-A038-C7276C5A9FBE}
		{9F3C1409-2D10-483A-ACC5-A26A90042E89} = {9FA9E370-22F1-4FB6-A038-C7276C5A9FBE}
		{CF7B064E-0D77-47F0-8646-7D71FE70A63B} = {9FA9E370-22F1-4FB6-A038-C7276C5A9FBE}
		{EC91314E-5F54-42FF-87E3-5FFF607EBFED} = {1AD6A4A7-581C-4A26-9F6A-6B686A1C1CA8}
		{D8CAA1DE-EDB2-431A-A6FD-CB48CFE97BB1} = {1AD6A4A7-581C-4A26-9F6A-6B686A1C1CA8}
		{3FA538AB-88D6-4CD0-900E-5D292319D3AC} = {1AD6A4A7-581C-4A26-9F6A-6B686A1C1CA8}
		{57CE3603-0FFF-4FD7-98EF-A9006CF5DB40} = {1AD6A4A7-581C-4A26-9F6A-6B686A1C1CA8}
		{27D4F8CC-2399-4EAC-8AF3-456E6DFE234C} = {DC528603-209C-41B0-B85F-10852A912758}
		{38374E2C-2ED5-46E1-98A7-0DD35F19CCBA} = {DC528603-209C-41B0-B85F-10852A912758}
		{415CB2A1-5E43-4AC1-8008-684B3F309CF2} = {DC528603-209C-41B0-B85F-10852A912758}
		{D4D7F20A-6494-42FC-B758-052505F6388D} = {DC528603-209C-41B0-B85F-10852A912758}
		{E604145F-D456-472D-9561-544EEF25A967} = {7EC48A61-DEC0-433F-98C1-D90306851A88}
		{0FEBFE34-8B81-4325-87BF-179DA943A596} = {7EC48A61-DEC0-433F-98C1-D90306851A88}
		{076B8CB9-FD16-488C-881E-1AFDD8A13529} = {7EC48A61-DEC0-433F-98C1-D90306851A88}
		{83134AC3-B17E-4F60-912E-254DA4058DF8} = {8ECAA313-BF8E-4D44-BB8A-96C87F8715A9}
		{7D65E976-BA11-49B2-A48C-147F09FF492C} = {8ECAA313-BF8E-4D44-BB8A-96C87F8715A9}
		{D6D86389-3743-401C-9411-D1A7D822C640} = {8ECAA313-BF8E-4D44-BB8A-96C87F8715A9}
		{0BC41FF0-B0F7-425A-B67C-59D7EB8F5E5F} = {8ECAA313-BF8E-4D44-BB8A-96C87F8715A9}
		{A16CDB49-5978-4F5E-80A4-FF494F8BBFBF} = {8ECAA313-BF8E-4D44-BB8A-96C87F8715A9}
		{FA77B529-A0B4-4719-9759-873B68E90408} = {8ECAA313-BF8E-4D44-BB8A-96C87F8715A9}
		{B5AB8E1F-CD1D-4F16-8BFE-CBB9EB50CC3B} = {7EC48A61-DEC0-433F-98C1-D90306851A88}
		{0BEB55B1-0F98-4DA4-AD11-1B8A5605A223} = {DC528603-209C-41B0-B85F-10852A912758}
		{C6002CD3-BC59-4155-AA8B-13E2D39F2EB9} = {DC528603-209C-41B0-B85F-10852A912758}
		{6061E851-F809-49B3-AA34-A39B77BEC8B1} = {9FA9E370-22F1-4FB6-A038-C7276C5A9FBE}
		{60016F1C-0BB8-4F3B-A3BF-F81C43669BDC} = {9FA9E370-22F1-4FB6-A038-C7276C5A9FBE}
		{5BB87987-56FF-40D4-8AA4-F1D472A6296B} = {FADE7F8B-4659-4A24-9A0A-3EF67B1519E8}
		{DD12A5BE-2769-41FA-BA49-D76FD4A83115} = {FADE7F8B-4659-4A24-9A0A-3EF67B1519E8}
		{B424D191-E7DF-4280-BC6F-6856AE9CF957} = {9BB8A29F-75FA-4F12-8225-B33D88929418}
		{8C2D75ED-6F81-41D9-8368-24906B623CAD} = {9BB8A29F-75FA-4F12-8225-B33D88929418}
	EndGlobalSection
EndGlobal
